
Microsoft Visual Studio Solution File, Format Version 12.00
# Visual Studio Version 16
VisualStudioVersion = 16.0.31729.503
MinimumVisualStudioVersion = 10.0.40219.1
Project("{FAE04EC0-301F-11D3-BF4B-00C04F79EFBC}") = "ExportToExcel", "ExportToExcel.csproj", "{B6028DE3-9B95-4974-9A74-657881516BA3}"
EndProject
Global
	GlobalSection(SolutionConfigurationPlatforms) = preSolution
		Debug|Any CPU = Debug|Any CPU
		Release|Any CPU = Release|Any CPU
	EndGlobalSection
	GlobalSection(ProjectConfigurationPlatforms) = postSolution
		{B6028DE3-9B95-4974-9A74-657881516BA3}.Debug|Any CPU.ActiveCfg = Debug|Any CPU
		{B6028DE3-9B95-4974-9A74-657881516BA3}.Debug|Any CPU.Build.0 = Debug|Any CPU
		{B6028DE3-9B95-4974-9A74-657881516BA3}.Release|Any CPU.ActiveCfg = Release|Any CPU
		{B6028DE3-9B95-4974-9A74-657881516BA3}.Release|Any CPU.Build.0 = Release|Any CPU
	EndGlobalSection
	GlobalSection(SolutionProperties) = preSolution
		HideSolutionNode = FALSE
	EndGlobalSection
	GlobalSection(ExtensibilityGlobals) = postSolution
		SolutionGuid = {A78BEA66-E487-40C8-A664-6387CA031ACD}
	EndGlobalSection
EndGlobal
